
Microsoft Visual Studio Solution File, Format Version 12.00
# Visual Studio 15
VisualStudioVersion = 15.0.28010.2041
MinimumVisualStudioVersion = 10.0.40219.1
Project("{FAE04EC0-301F-11D3-BF4B-00C04F79EFBC}") = "ShoppingCart.Api", "ShoppingCart.Api\ShoppingCart.Api.csproj", "{57AD8804-3C9A-4F24-8630-D1DBEB4E6934}"
EndProject
Project("{FAE04EC0-301F-11D3-BF4B-00C04F79EFBC}") = "ShoppingCart.Api.Tests", "ShoppingCart.Api.Tests\ShoppingCart.Api.Tests.csproj", "{CAA9B721-4815-4D42-8446-255F00BD3753}"
EndProject
Global
	GlobalSection(SolutionConfigurationPlatforms) = preSolution
		Debug|Any CPU = Debug|Any CPU
		Release|Any CPU = Release|Any CPU
	EndGlobalSection
	GlobalSection(ProjectConfigurationPlatforms) = postSolution
		{57AD8804-3C9A-4F24-8630-D1DBEB4E6934}.Debug|Any CPU.ActiveCfg = Debug|Any CPU
		{57AD8804-3C9A-4F24-8630-D1DBEB4E6934}.Debug|Any CPU.Build.0 = Debug|Any CPU
		{57AD8804-3C9A-4F24-8630-D1DBEB4E6934}.Release|Any CPU.ActiveCfg = Release|Any CPU
		{57AD8804-3C9A-4F24-8630-D1DBEB4E6934}.Release|Any CPU.Build.0 = Release|Any CPU
		{CAA9B721-4815-4D42-8446-255F00BD3753}.Debug|Any CPU.ActiveCfg = Debug|Any CPU
		{CAA9B721-4815-4D42-8446-255F00BD3753}.Debug|Any CPU.Build.0 = Debug|Any CPU
		{CAA9B721-4815-4D42-8446-255F00BD3753}.Release|Any CPU.ActiveCfg = Release|Any CPU
		{CAA9B721-4815-4D42-8446-255F00BD3753}.Release|Any CPU.Build.0 = Release|Any CPU
	EndGlobalSection
	GlobalSection(SolutionProperties) = preSolution
		HideSolutionNode = FALSE
	EndGlobalSection
	GlobalSection(ExtensibilityGlobals) = postSolution
		SolutionGuid = {91C82A5C-F4D1-4F4F-AB27-C3D9DF545A8D}
	EndGlobalSection
EndGlobal
